
Microsoft Visual Studio Solution File, Format Version 12.00
# Visual Studio Express 2013 for Windows Desktop
VisualStudioVersion = 12.0.21005.1
MinimumVisualStudioVersion = 10.0.40219.1
Project("{FAE04EC0-301F-11D3-BF4B-00C04F79EFBC}") = "Mageanomics", "MAgeanomics\Mageanomics.csproj", "{42FD4108-1C2A-4544-ACF5-7D3710B83E67}"
EndProject
Project("{FAE04EC0-301F-11D3-BF4B-00C04F79EFBC}") = "UnitTests", "UnitTests\UnitTests.csproj", "{A01D1B2F-91A8-489E-94EC-0B38268A9B62}"
EndProject
Global
	GlobalSection(SolutionConfigurationPlatforms) = preSolution
		Debug|Any CPU = Debug|Any CPU
		Release|Any CPU = Release|Any CPU
	EndGlobalSection
	GlobalSection(ProjectConfigurationPlatforms) = postSolution
		{42FD4108-1C2A-4544-ACF5-7D3710B83E67}.Debug|Any CPU.ActiveCfg = Debug|Any CPU
		{42FD4108-1C2A-4544-ACF5-7D3710B83E67}.Debug|Any CPU.Build.0 = Debug|Any CPU
		{42FD4108-1C2A-4544-ACF5-7D3710B83E67}.Release|Any CPU.ActiveCfg = Release|Any CPU
		{42FD4108-1C2A-4544-ACF5-7D3710B83E67}.Release|Any CPU.Build.0 = Release|Any CPU
		{A01D1B2F-91A8-489E-94EC-0B38268A9B62}.Debug|Any CPU.ActiveCfg = Debug|Any CPU
		{A01D1B2F-91A8-489E-94EC-0B38268A9B62}.Debug|Any CPU.Build.0 = Debug|Any CPU
		{A01D1B2F-91A8-489E-94EC-0B38268A9B62}.Release|Any CPU.ActiveCfg = Release|Any CPU
		{A01D1B2F-91A8-489E-94EC-0B38268A9B62}.Release|Any CPU.Build.0 = Release|Any CPU
	EndGlobalSection
	GlobalSection(SolutionProperties) = preSolution
		HideSolutionNode = FALSE
	EndGlobalSection
EndGlobal
